
Microsoft Visual Studio Solution File, Format Version 12.00
# Visual Studio Version 17
VisualStudioVersion = 17.9.34622.214
MinimumVisualStudioVersion = 10.0.40219.1
Project("{FAE04EC0-301F-11D3-BF4B-00C04F79EFBC}") = "InternPipeline", "InternPipeline\InternPipeline.csproj", "{CC987D73-870E-4680-B447-2ABDB7F62303}"
EndProject
Global
	GlobalSection(SolutionConfigurationPlatforms) = preSolution
		Debug|Any CPU = Debug|Any CPU
		Release|Any CPU = Release|Any CPU
	EndGlobalSection
	GlobalSection(ProjectConfigurationPlatforms) = postSolution
		{CC987D73-870E-4680-B447-2ABDB7F62303}.Debug|Any CPU.ActiveCfg = Debug|Any CPU
		{CC987D73-870E-4680-B447-2ABDB7F62303}.Debug|Any CPU.Build.0 = Debug|Any CPU
		{CC987D73-870E-4680-B447-2ABDB7F62303}.Release|Any CPU.ActiveCfg = Release|Any CPU
		{CC987D73-870E-4680-B447-2ABDB7F62303}.Release|Any CPU.Build.0 = Release|Any CPU
	EndGlobalSection
	GlobalSection(SolutionProperties) = preSolution
		HideSolutionNode = FALSE
	EndGlobalSection
	GlobalSection(ExtensibilityGlobals) = postSolution
		SolutionGuid = {7AA219EE-AD70-44D8-945B-5286B23A9BB1}
	EndGlobalSection
EndGlobal
